
Microsoft Visual Studio Solution File, Format Version 12.00
# Visual Studio Version 17
VisualStudioVersion = 17.5.33424.131
MinimumVisualStudioVersion = 10.0.40219.1
Project("{FAE04EC0-301F-11D3-BF4B-00C04F79EFBC}") = "task3", "task3.csproj", "{E46447B0-2456-4B5D-A4D1-BDC63811C270}"
EndProject
Global
	GlobalSection(SolutionConfigurationPlatforms) = preSolution
		Debug|Any CPU = Debug|Any CPU
		Release|Any CPU = Release|Any CPU
	EndGlobalSection
	GlobalSection(ProjectConfigurationPlatforms) = postSolution
		{E46447B0-2456-4B5D-A4D1-BDC63811C270}.Debug|Any CPU.ActiveCfg = Debug|Any CPU
		{E46447B0-2456-4B5D-A4D1-BDC63811C270}.Debug|Any CPU.Build.0 = Debug|Any CPU
		{E46447B0-2456-4B5D-A4D1-BDC63811C270}.Release|Any CPU.ActiveCfg = Release|Any CPU
		{E46447B0-2456-4B5D-A4D1-BDC63811C270}.Release|Any CPU.Build.0 = Release|Any CPU
	EndGlobalSection
	GlobalSection(SolutionProperties) = preSolution
		HideSolutionNode = FALSE
	EndGlobalSection
	GlobalSection(ExtensibilityGlobals) = postSolution
		SolutionGuid = {3E905186-285E-42BE-B9ED-12140912C0D6}
	EndGlobalSection
EndGlobal
